Microsoft Visual Studio Solution File, Format Version 12.00
# Visual Studio Version 17
VisualStudioVersion = 17.5.2.0
MinimumVisualStudioVersion = 10.0.40219.1
Project("{FAE04EC0-301F-11D3-BF4B-00C04F79EFBC}") = "EduSyncApi", "EduSyncApi.csproj", "{F74A261E-F995-8F16-8161-80C3C1111573}"
EndProject
Global
	GlobalSection(SolutionConfigurationPlatforms) = preSolution
		Debug|Any CPU = Debug|Any CPU
		Release|Any CPU = Release|Any CPU
	EndGlobalSection
	GlobalSection(ProjectConfigurationPlatforms) = postSolution
		{F74A261E-F995-8F16-8161-80C3C1111573}.Debug|Any CPU.ActiveCfg = Debug|Any CPU
		{F74A261E-F995-8F16-8161-80C3C1111573}.Debug|Any CPU.Build.0 = Debug|Any CPU
		{F74A261E-F995-8F16-8161-80C3C1111573}.Release|Any CPU.ActiveCfg = Release|Any CPU
		{F74A261E-F995-8F16-8161-80C3C1111573}.Release|Any CPU.Build.0 = Release|Any CPU
	EndGlobalSection
	GlobalSection(SolutionProperties) = preSolution
		HideSolutionNode = FALSE
	EndGlobalSection
	GlobalSection(ExtensibilityGlobals) = postSolution
		SolutionGuid = {DE1588E4-C737-4CE2-ADE2-8016D6F44C78}
	EndGlobalSection
EndGlobal
